
Microsoft Visual Studio Solution File, Format Version 12.00
# Visual Studio Version 17
VisualStudioVersion = 17.0.31919.166
MinimumVisualStudioVersion = 10.0.40219.1
Project("{9A19103F-16F7-4668-BE54-9A1E7A4F7556}") = "WeatherExercise", "WeatherExercise\WeatherExercise.csproj", "{1E201853-C3EF-4CCC-82D5-98B05F6021FE}"
EndProject
Project("{FAE04EC0-301F-11D3-BF4B-00C04F79EFBC}") = "TestExercise", "TestExercise\TestExercise.csproj", "{5E46420B-051C-4967-B391-49D5588092BB}"
EndProject
Global
	GlobalSection(SolutionConfigurationPlatforms) = preSolution
		Debug|Any CPU = Debug|Any CPU
		Release|Any CPU = Release|Any CPU
	EndGlobalSection
	GlobalSection(ProjectConfigurationPlatforms) = postSolution
		{1E201853-C3EF-4CCC-82D5-98B05F6021FE}.Debug|Any CPU.ActiveCfg = Debug|Any CPU
		{1E201853-C3EF-4CCC-82D5-98B05F6021FE}.Debug|Any CPU.Build.0 = Debug|Any CPU
		{1E201853-C3EF-4CCC-82D5-98B05F6021FE}.Release|Any CPU.ActiveCfg = Release|Any CPU
		{1E201853-C3EF-4CCC-82D5-98B05F6021FE}.Release|Any CPU.Build.0 = Release|Any CPU
		{5E46420B-051C-4967-B391-49D5588092BB}.Debug|Any CPU.ActiveCfg = Debug|Any CPU
		{5E46420B-051C-4967-B391-49D5588092BB}.Debug|Any CPU.Build.0 = Debug|Any CPU
		{5E46420B-051C-4967-B391-49D5588092BB}.Release|Any CPU.ActiveCfg = Release|Any CPU
		{5E46420B-051C-4967-B391-49D5588092BB}.Release|Any CPU.Build.0 = Release|Any CPU
	EndGlobalSection
	GlobalSection(SolutionProperties) = preSolution
		HideSolutionNode = FALSE
	EndGlobalSection
	GlobalSection(ExtensibilityGlobals) = postSolution
		SolutionGuid = {BBA4EE58-20B6-45F7-895B-EFD0FB9DC010}
	EndGlobalSection
EndGlobal
